
Microsoft Visual Studio Solution File, Format Version 12.00
# Visual Studio Version 17
VisualStudioVersion = 17.7.34221.43
MinimumVisualStudioVersion = 10.0.40219.1
Project("{FAE04EC0-301F-11D3-BF4B-00C04F79EFBC}") = "LectureProject", "LectureProject.csproj", "{8E9A6F88-9CA3-425A-B179-D6C101410E85}"
EndProject
Global
	GlobalSection(SolutionConfigurationPlatforms) = preSolution
		Debug|Any CPU = Debug|Any CPU
		Release|Any CPU = Release|Any CPU
	EndGlobalSection
	GlobalSection(ProjectConfigurationPlatforms) = postSolution
		{8E9A6F88-9CA3-425A-B179-D6C101410E85}.Debug|Any CPU.ActiveCfg = Debug|Any CPU
		{8E9A6F88-9CA3-425A-B179-D6C101410E85}.Debug|Any CPU.Build.0 = Debug|Any CPU
		{8E9A6F88-9CA3-425A-B179-D6C101410E85}.Release|Any CPU.ActiveCfg = Release|Any CPU
		{8E9A6F88-9CA3-425A-B179-D6C101410E85}.Release|Any CPU.Build.0 = Release|Any CPU
	EndGlobalSection
	GlobalSection(SolutionProperties) = preSolution
		HideSolutionNode = FALSE
	EndGlobalSection
	GlobalSection(ExtensibilityGlobals) = postSolution
		SolutionGuid = {6A811B48-4B3F-452D-BB6E-3E7C480D7ECF}
	EndGlobalSection
EndGlobal
