
Microsoft Visual Studio Solution File, Format Version 12.00
# Visual Studio Version 17
VisualStudioVersion = 17.7.34221.43
MinimumVisualStudioVersion = 10.0.40219.1
Project("{FAE04EC0-301F-11D3-BF4B-00C04F79EFBC}") = "CSharpTest01", "CSharpTest01.csproj", "{425E9F65-B106-43B5-80EB-F7B0E5F909BB}"
EndProject
Global
	GlobalSection(SolutionConfigurationPlatforms) = preSolution
		Debug|Any CPU = Debug|Any CPU
		Release|Any CPU = Release|Any CPU
	EndGlobalSection
	GlobalSection(ProjectConfigurationPlatforms) = postSolution
		{425E9F65-B106-43B5-80EB-F7B0E5F909BB}.Debug|Any CPU.ActiveCfg = Debug|Any CPU
		{425E9F65-B106-43B5-80EB-F7B0E5F909BB}.Debug|Any CPU.Build.0 = Debug|Any CPU
		{425E9F65-B106-43B5-80EB-F7B0E5F909BB}.Release|Any CPU.ActiveCfg = Release|Any CPU
		{425E9F65-B106-43B5-80EB-F7B0E5F909BB}.Release|Any CPU.Build.0 = Release|Any CPU
	EndGlobalSection
	GlobalSection(SolutionProperties) = preSolution
		HideSolutionNode = FALSE
	EndGlobalSection
	GlobalSection(ExtensibilityGlobals) = postSolution
		SolutionGuid = {D972CFFD-153C-433F-B864-37D53E86DFF6}
	EndGlobalSection
EndGlobal
