
Microsoft Visual Studio Solution File, Format Version 12.00
# Visual Studio Version 17
VisualStudioVersion = 17.7.34221.43
MinimumVisualStudioVersion = 10.0.40219.1
Project("{FAE04EC0-301F-11D3-BF4B-00C04F79EFBC}") = "PracticeProject", "PracticeProject.csproj", "{3182C7E1-A71F-44F1-B267-B9100A343354}"
EndProject
Global
	GlobalSection(SolutionConfigurationPlatforms) = preSolution
		Debug|Any CPU = Debug|Any CPU
		Release|Any CPU = Release|Any CPU
	EndGlobalSection
	GlobalSection(ProjectConfigurationPlatforms) = postSolution
		{3182C7E1-A71F-44F1-B267-B9100A343354}.Debug|Any CPU.ActiveCfg = Debug|Any CPU
		{3182C7E1-A71F-44F1-B267-B9100A343354}.Debug|Any CPU.Build.0 = Debug|Any CPU
		{3182C7E1-A71F-44F1-B267-B9100A343354}.Release|Any CPU.ActiveCfg = Release|Any CPU
		{3182C7E1-A71F-44F1-B267-B9100A343354}.Release|Any CPU.Build.0 = Release|Any CPU
	EndGlobalSection
	GlobalSection(SolutionProperties) = preSolution
		HideSolutionNode = FALSE
	EndGlobalSection
	GlobalSection(ExtensibilityGlobals) = postSolution
		SolutionGuid = {C6837B09-10E3-4ED7-BF7F-78EB5E03DFA4}
	EndGlobalSection
EndGlobal
